{
    "_readme": [
        "This file locks the dependencies of your project to a known state",
        "Read more about it at https://getcomposer.org/doc/01-basic-usage.md#composer-lock-the-lock-file",
        "This file is @generated automatically"
    ],
    "hash": "ac88b4c37af6b7528353f5c8f0f049a1",
    "packages": [
        {
            "name": "2amigos/efeed",
            "version": "0.1.1",
            "source": {
                "type": "git",
                "url": "https://github.com/2amigos/efeed.git",
                "reference": "8c5f08d3089bb09426a933a79d5fdd83c1b4148a"
            },
            "dist": {
                "type": "zip",
                "url": "https://api.github.com/repos/2amigos/efeed/zipball/8c5f08d3089bb09426a933a79d5fdd83c1b4148a",
                "reference": "8c5f08d3089bb09426a933a79d5fdd83c1b4148a",
                "shasum": ""
            },
            "type": "yii-extension",
            "notification-url": "https://packagist.org/downloads/",
            "license": [
                "BSD-3-Clause"
            ],
            "authors": [
                {
                    "name": "Antonio Ramirez",
                    "email": "ramirez.cobos@gmail.com",
                    "homepage": "http://www.ramirezcobos.com"
                }
            ],
            "description": "Feed Writer Generator Extension to create your feeds. Currently supports RSS 1.0, RSS 2.0 and ATOM 1.0.",
            "keywords": [
                "atom",
                "feed",
                "rss"
            ],
            "time": "2014-08-25 14:34:28"
        },
        {
            "name": "crisu83/yiistrap",
            "version": "1.x-dev",
            "source": {
                "type": "git",
                "url": "https://github.com/crisu83/yiistrap.git",
                "reference": "0f76ae32e8e4a21b5f1e8c29169a9e4658014e12"
            },
            "dist": {
                "type": "zip",
                "url": "https://api.github.com/repos/crisu83/yiistrap/zipball/0f76ae32e8e4a21b5f1e8c29169a9e4658014e12",
                "reference": "0f76ae32e8e4a21b5f1e8c29169a9e4658014e12",
                "shasum": ""
            },
            "require-dev": {
                "codeception/codeception": "@stable",
                "crisu83/yii-composer": ">=1.0.0",
                "yiisoft/yii": ">=1.1.13"
            },
            "type": "library",
            "extra": {
                "yii-install-writable": [
                    "tests/_log"
                ]
            },
            "autoload": {
                "classmap": [
                    "behaviors/",
                    "components/",
                    "form/",
                    "helpers/",
                    "widgets/"
                ]
            },
            "notification-url": "https://packagist.org/downloads/",
            "license": [
                "BSD-3-Clause"
            ],
            "authors": [
                {
                    "name": "Christoffer Niska",
                    "email": "christoffer.niska@gmail.com",
                    "homepage": "http://www.cniska.net/"
                },
                {
                    "name": "Antonio Ramirez",
                    "email": "ramirez.cobos@gmail.com",
                    "homepage": "http://www.ramirezcobos.com/"
                }
            ],
            "description": "Twitter Bootstrap for the Yii PHP framework.",
            "keywords": [
                "bootstrap",
                "yii"
            ],
            "time": "2014-09-08 14:19:19"
        },
        {
            "name": "muayyad-alsadi/yii-extended-clientscript",
            "version": "dev-master",
            "source": {
                "type": "git",
                "url": "https://github.com/muayyad-alsadi/yii-EClientScript.git",
                "reference": "e4978b231289c4c99b5029e10fc23a0de1d5ff8b"
            },
            "dist": {
                "type": "zip",
                "url": "https://api.github.com/repos/muayyad-alsadi/yii-EClientScript/zipball/e4978b231289c4c99b5029e10fc23a0de1d5ff8b",
                "reference": "e4978b231289c4c99b5029e10fc23a0de1d5ff8b",
                "shasum": ""
            },
            "require": {
                "php": ">=5.3.0"
            },
            "type": "library",
            "notification-url": "https://packagist.org/downloads/",
            "authors": [
                {
                    "name": "Muayyad Alsadi",
                    "email": "alsadi@gmail.com"
                }
            ],
            "description": "Extension to improve yiis native client script module",
            "time": "2015-01-03 12:43:04"
        },
        {
            "name": "yiisoft/yii",
            "version": "1.1.16",
            "source": {
                "type": "git",
                "url": "https://github.com/yiisoft/yii.git",
                "reference": "bca0420b6799b0b2a7966aa90bcd15cb4aa73563"
            },
            "dist": {
                "type": "zip",
                "url": "https://api.github.com/repos/yiisoft/yii/zipball/bca0420b6799b0b2a7966aa90bcd15cb4aa73563",
                "reference": "bca0420b6799b0b2a7966aa90bcd15cb4aa73563",
                "shasum": ""
            },
            "require": {
                "php": ">=5.1.0"
            },
            "bin": [
                "framework/yiic"
            ],
            "type": "library",
            "autoload": {
                "classmap": [
                    "framework/YiiBase.php",
                    "framework/yii.php"
                ]
            },
            "notification-url": "https://packagist.org/downloads/",
            "license": [
                "BSD-3-Clause"
            ],
            "authors": [
                {
                    "name": "Qiang Xue",
                    "email": "qiang.xue@gmail.com",
                    "homepage": "http://www.yiiframework.com/",
                    "role": "Founder and project lead"
                },
                {
                    "name": "Alexander Makarov",
                    "email": "sam@rmcreative.ru",
                    "homepage": "http://rmcreative.ru/",
                    "role": "Core framework development"
                },
                {
                    "name": "Maurizio Domba",
                    "homepage": "http://mdomba.info/",
                    "role": "Core framework development"
                },
                {
                    "name": "Carsten Brandt",
                    "email": "mail@cebe.cc",
                    "homepage": "http://cebe.cc/",
                    "role": "Core framework development"
                },
                {
                    "name": "Wei Zhuo",
                    "email": "weizhuo@gmail.com",
                    "role": "Project site maintenance and development"
                },
                {
                    "name": "Sebastián Thierer",
                    "email": "sebas@artfos.com",
                    "role": "Component development"
                },
                {
                    "name": "Jeffrey Winesett",
                    "email": "jefftulsa@gmail.com",
                    "role": "Documentation and marketing"
                },
                {
                    "name": "Timur Ruziev",
                    "email": "resurtm@gmail.com",
                    "homepage": "http://resurtm.com/",
                    "role": "Core framework development"
                },
                {
                    "name": "Paul Klimov",
                    "email": "klimov.paul@gmail.com",
                    "role": "Core framework development"
                }
            ],
            "description": "Yii Web Programming Framework",
            "homepage": "http://www.yiiframework.com/",
            "keywords": [
                "framework",
                "yii"
            ],
            "time": "2014-12-21 19:30:17"
        }
    ],
    "packages-dev": [],
    "aliases": [],
    "minimum-stability": "dev",
    "stability-flags": {
        "muayyad-alsadi/yii-extended-clientscript": 20
    },
    "prefer-stable": false,
    "prefer-lowest": false,
    "platform": {
        "php": ">=5.3.2"
    },
    "platform-dev": []
}
